
Microsoft Visual Studio Solution File, Format Version 12.00
# Visual Studio Version 17
VisualStudioVersion = 17.6.33717.318
MinimumVisualStudioVersion = 10.0.40219.1
Project("{FAE04EC0-301F-11D3-BF4B-00C04F79EFBC}") = "CRUDApi", "CRUDApi\CRUDApi.csproj", "{256DBD26-2A01-44FF-8B2B-2EE1938D67F2}"
EndProject
Global
	GlobalSection(SolutionConfigurationPlatforms) = preSolution
		Debug|Any CPU = Debug|Any CPU
		Release|Any CPU = Release|Any CPU
	EndGlobalSection
	GlobalSection(ProjectConfigurationPlatforms) = postSolution
		{256DBD26-2A01-44FF-8B2B-2EE1938D67F2}.Debug|Any CPU.ActiveCfg = Debug|Any CPU
		{256DBD26-2A01-44FF-8B2B-2EE1938D67F2}.Debug|Any CPU.Build.0 = Debug|Any CPU
		{256DBD26-2A01-44FF-8B2B-2EE1938D67F2}.Release|Any CPU.ActiveCfg = Release|Any CPU
		{256DBD26-2A01-44FF-8B2B-2EE1938D67F2}.Release|Any CPU.Build.0 = Release|Any CPU
	EndGlobalSection
	GlobalSection(SolutionProperties) = preSolution
		HideSolutionNode = FALSE
	EndGlobalSection
	GlobalSection(ExtensibilityGlobals) = postSolution
		SolutionGuid = {17715AB7-0A86-4E16-AB52-D69D8235581E}
	EndGlobalSection
EndGlobal
